{
  "requires": true,
  "lockfileVersion": 1,
  "dependencies": {
    "@agm/core": {
      "version": "1.0.0-beta.5",
      "resolved": "https://registry.npmjs.org/@agm/core/-/core-1.0.0-beta.5.tgz",
      "integrity": "sha512-LVENJqtBZEWpX+uJkGI0zgg+Xkm2KkktQm4ojZozArbeNvQkVL6pqVc04Mme6vvOzwJpD1cET5w4byC8Xaq1QQ=="
    },
    "agm-direction": {
      "version": "0.7.7",
      "resolved": "https://registry.npmjs.org/agm-direction/-/agm-direction-0.7.7.tgz",
      "integrity": "sha512-VhtiEobubwTeNkPIRoqcOkaGxPabq83Lew0iWHrcePRbzecwe5PkywXnDlyDN+OT8EPNK3En7PIkCD2IpZE3Fg=="
    },
    "jquery": {
      "version": "3.4.1",
      "resolved": "https://registry.npmjs.org/jquery/-/jquery-3.4.1.tgz",
      "integrity": "sha512-36+AdBzCL+y6qjw5Tx7HgzeGCzC81MDDgaUP8ld2zhx58HdqXGoBd+tHdrBMiyjGQs0Hxs/MLZTu/eHNJJuWPw=="
    }
  }
}
